
Microsoft Visual Studio Solution File, Format Version 12.00
# Visual Studio Version 17
VisualStudioVersion = 17.0.31903.59
MinimumVisualStudioVersion = 10.0.40219.1
Project("{F2A71F9B-5D33-465A-A702-920D77279786}") = "RadioBrowser", "src\RadioBrowser.fsproj", "{2ED30140-7654-4B11-8AC9-7BC4CD0C0CCE}"
EndProject
Global
	GlobalSection(SolutionConfigurationPlatforms) = preSolution
		Debug|Any CPU = Debug|Any CPU
		Release|Any CPU = Release|Any CPU
	EndGlobalSection
	GlobalSection(SolutionProperties) = preSolution
		HideSolutionNode = FALSE
	EndGlobalSection
	GlobalSection(ProjectConfigurationPlatforms) = postSolution
		{2ED30140-7654-4B11-8AC9-7BC4CD0C0CCE}.Debug|Any CPU.ActiveCfg = Debug|Any CPU
		{2ED30140-7654-4B11-8AC9-7BC4CD0C0CCE}.Debug|Any CPU.Build.0 = Debug|Any CPU
		{2ED30140-7654-4B11-8AC9-7BC4CD0C0CCE}.Release|Any CPU.ActiveCfg = Release|Any CPU
		{2ED30140-7654-4B11-8AC9-7BC4CD0C0CCE}.Release|Any CPU.Build.0 = Release|Any CPU
	EndGlobalSection
EndGlobal
